
Microsoft Visual Studio Solution File, Format Version 12.00
# Visual Studio 15
VisualStudioVersion = 15.0.27428.2011
MinimumVisualStudioVersion = 10.0.40219.1
Project("{FAE04EC0-301F-11D3-BF4B-00C04F79EFBC}") = "Post", "Post\Post.csproj", "{48A87F29-C34B-4A8F-8B41-2023E3C6454A}"
EndProject
Global
	GlobalSection(SolutionConfigurationPlatforms) = preSolution
		Debug|Any CPU = Debug|Any CPU
		Release|Any CPU = Release|Any CPU
	EndGlobalSection
	GlobalSection(ProjectConfigurationPlatforms) = postSolution
		{48A87F29-C34B-4A8F-8B41-2023E3C6454A}.Debug|Any CPU.ActiveCfg = Debug|Any CPU
		{48A87F29-C34B-4A8F-8B41-2023E3C6454A}.Debug|Any CPU.Build.0 = Debug|Any CPU
		{48A87F29-C34B-4A8F-8B41-2023E3C6454A}.Release|Any CPU.ActiveCfg = Release|Any CPU
		{48A87F29-C34B-4A8F-8B41-2023E3C6454A}.Release|Any CPU.Build.0 = Release|Any CPU
	EndGlobalSection
	GlobalSection(SolutionProperties) = preSolution
		HideSolutionNode = FALSE
	EndGlobalSection
	GlobalSection(ExtensibilityGlobals) = postSolution
		SolutionGuid = {8D0689F9-A5AB-452E-9E8E-1305AF44F407}
	EndGlobalSection
EndGlobal
